# @generated - this file is auto-generated by `mise lock` https://mise.en.dev/dev-tools/mise-lock.html

[[tools."aqua:eza-community/eza"]]
version = "0.23.4"
backend = "aqua:eza-community/eza"

[tools."aqua:eza-community/eza"."platforms.linux-arm64"]
checksum = "sha256:366e8430225f9955c3dc659b452150c169894833ccfef455e01765e265a3edda"
url = "https://github.com/eza-community/eza/releases/download/v0.23.4/eza_aarch64-unknown-linux-gnu.tar.gz"

[tools."aqua:eza-community/eza"."platforms.linux-x64"]
checksum = "sha256:d231bb3ee33b08c76279b5888845dceb7034d055c42bb9be46dbe0dae39394df"
url = "https://github.com/eza-community/eza/releases/download/v0.23.4/eza_x86_64-unknown-linux-musl.tar.gz"

[tools."aqua:eza-community/eza"."platforms.linux-x64-musl"]
checksum = "sha256:d231bb3ee33b08c76279b5888845dceb7034d055c42bb9be46dbe0dae39394df"
url = "https://github.com/eza-community/eza/releases/download/v0.23.4/eza_x86_64-unknown-linux-musl.tar.gz"

[tools."aqua:eza-community/eza"."platforms.windows-x64"]
checksum = "sha256:4d4f87f6bc8e6ee176789c28bee698234ce0275da013709eb16b0f14819c1688"
url = "https://github.com/eza-community/eza/releases/download/v0.23.4/eza.exe_x86_64-pc-windows-gnu.tar.gz"

[[tools.go]]
version = "1.26.4"
backend = "core:go"

[tools.go."platforms.linux-arm64"]
checksum = "sha256:ef758ae7c6cf9267c9c0ef080b8965f453d89ab2d25d9eb22de4405925238768"
url = "https://dl.google.com/go/go1.26.4.linux-arm64.tar.gz"

[tools.go."platforms.linux-arm64-musl"]
checksum = "sha256:ef758ae7c6cf9267c9c0ef080b8965f453d89ab2d25d9eb22de4405925238768"
url = "https://dl.google.com/go/go1.26.4.linux-arm64.tar.gz"

[tools.go."platforms.linux-x64"]
checksum = "sha256:1153d3d50e0ac764b447adfe05c2bcf08e889d42a02e0fe0259bd47f6733ad7f"
url = "https://dl.google.com/go/go1.26.4.linux-amd64.tar.gz"

[tools.go."platforms.linux-x64-musl"]
checksum = "sha256:1153d3d50e0ac764b447adfe05c2bcf08e889d42a02e0fe0259bd47f6733ad7f"
url = "https://dl.google.com/go/go1.26.4.linux-amd64.tar.gz"

[tools.go."platforms.macos-arm64"]
checksum = "sha256:b62ad2b6d7d2464f12a5bcad7ff47f19d08325773b5efd21610e445a05a9bf53"
url = "https://dl.google.com/go/go1.26.4.darwin-arm64.tar.gz"

[tools.go."platforms.macos-x64"]
checksum = "sha256:05dc9b5f9997744520aaebb3d5deaa7c755371aebbfb7f97c2511a9f3367538d"
url = "https://dl.google.com/go/go1.26.4.darwin-amd64.tar.gz"

[tools.go."platforms.windows-x64"]
checksum = "sha256:3ca8fb4630b07c419cbdd51f754e31363cfcfb83b3a5354d9e895c90be2cc345"
url = "https://dl.google.com/go/go1.26.4.windows-amd64.zip"

[[tools.gofumpt]]
version = "0.10.0"
backend = "aqua:mvdan/gofumpt"

[tools.gofumpt."platforms.linux-arm64"]
checksum = "sha256:5d239f93b1ed2dfe74d39b25112bb770a04f6581f986d4b4f5d380521e12ca61"
url = "https://github.com/mvdan/gofumpt/releases/download/v0.10.0/gofumpt_v0.10.0_linux_arm64"

[tools.gofumpt."platforms.linux-arm64-musl"]
checksum = "sha256:5d239f93b1ed2dfe74d39b25112bb770a04f6581f986d4b4f5d380521e12ca61"
url = "https://github.com/mvdan/gofumpt/releases/download/v0.10.0/gofumpt_v0.10.0_linux_arm64"

[tools.gofumpt."platforms.linux-x64"]
checksum = "sha256:48ee398ec72afdaca6accb70f5ed741349d5dcccb52c5bb4c4469d698980b186"
url = "https://github.com/mvdan/gofumpt/releases/download/v0.10.0/gofumpt_v0.10.0_linux_amd64"

[tools.gofumpt."platforms.linux-x64-musl"]
checksum = "sha256:48ee398ec72afdaca6accb70f5ed741349d5dcccb52c5bb4c4469d698980b186"
url = "https://github.com/mvdan/gofumpt/releases/download/v0.10.0/gofumpt_v0.10.0_linux_amd64"

[tools.gofumpt."platforms.macos-arm64"]
checksum = "sha256:ba4b348e729cba915d5c7dc515774e2f2c7cc5c5ad011de20d34be10e5a2f906"
url = "https://github.com/mvdan/gofumpt/releases/download/v0.10.0/gofumpt_v0.10.0_darwin_arm64"

[tools.gofumpt."platforms.macos-x64"]
checksum = "sha256:30e5b914a824c3b6bd0480e4f493517012167d380de74643879c50f4aa0c834e"
url = "https://github.com/mvdan/gofumpt/releases/download/v0.10.0/gofumpt_v0.10.0_darwin_amd64"

[tools.gofumpt."platforms.windows-x64"]
checksum = "sha256:20872b464435512b74678b1155b75bd75220de5737ad8c075b9151c846543697"
url = "https://github.com/mvdan/gofumpt/releases/download/v0.10.0/gofumpt_v0.10.0_windows_amd64.exe"

[[tools.golangci-lint]]
version = "2.12.2"
backend = "aqua:golangci/golangci-lint"

[tools.golangci-lint."platforms.linux-arm64"]
checksum = "sha256:44cd40a8c76c86755375adfeea52cfd3533cb43d7bd647771e0ae065e166df3a"
url = "https://github.com/golangci/golangci-lint/releases/download/v2.12.2/golangci-lint-2.12.2-linux-arm64.tar.gz"
provenance = "github-attestations"

[tools.golangci-lint."platforms.linux-arm64-musl"]
checksum = "sha256:44cd40a8c76c86755375adfeea52cfd3533cb43d7bd647771e0ae065e166df3a"
url = "https://github.com/golangci/golangci-lint/releases/download/v2.12.2/golangci-lint-2.12.2-linux-arm64.tar.gz"
provenance = "github-attestations"

[tools.golangci-lint."platforms.linux-x64"]
checksum = "sha256:8df580d2670fed8fa984aac0507099af8df275e665215f5c7a2ae3943893a553"
url = "https://github.com/golangci/golangci-lint/releases/download/v2.12.2/golangci-lint-2.12.2-linux-amd64.tar.gz"
provenance = "github-attestations"

[tools.golangci-lint."platforms.linux-x64-musl"]
checksum = "sha256:8df580d2670fed8fa984aac0507099af8df275e665215f5c7a2ae3943893a553"
url = "https://github.com/golangci/golangci-lint/releases/download/v2.12.2/golangci-lint-2.12.2-linux-amd64.tar.gz"
provenance = "github-attestations"

[tools.golangci-lint."platforms.macos-arm64"]
checksum = "sha256:a9c54498731b3128f79e090be6110f3e5fffccc617b08142ed244d4126c73f29"
url = "https://github.com/golangci/golangci-lint/releases/download/v2.12.2/golangci-lint-2.12.2-darwin-arm64.tar.gz"
provenance = "github-attestations"

[tools.golangci-lint."platforms.macos-x64"]
checksum = "sha256:f6f06d94b6241521c53d15450c5209b028270bf966f842afb11c030c79f5bc16"
url = "https://github.com/golangci/golangci-lint/releases/download/v2.12.2/golangci-lint-2.12.2-darwin-amd64.tar.gz"
provenance = "github-attestations"

[tools.golangci-lint."platforms.windows-x64"]
checksum = "sha256:bd42e3ebc8cb4ececb86941983baaf1dc221bbb04d838e94ce63b49cc91e02bb"
url = "https://github.com/golangci/golangci-lint/releases/download/v2.12.2/golangci-lint-2.12.2-windows-amd64.zip"
provenance = "github-attestations"

[[tools.hk]]
version = "1.46.0"
backend = "aqua:jdx/hk"

[tools.hk."platforms.linux-arm64"]
checksum = "sha256:bad1b4e52cce2147646d943baa06a7bdb3d182ae0876853897a72225626411ae"
url = "https://github.com/jdx/hk/releases/download/v1.46.0/hk-aarch64-unknown-linux-gnu.tar.gz"

[tools.hk."platforms.linux-arm64-musl"]
checksum = "sha256:ad11b69485096ec5b1822f5bad298d2a44664b85d10d0308c812473b17b1321a"
url = "https://github.com/jdx/hk/releases/download/v1.46.0/hk-aarch64-unknown-linux-musl.tar.gz"

[tools.hk."platforms.linux-x64"]
checksum = "sha256:85b2cc167443cd27b49e323ef9b9d1a946d4bc18196eccb66112842d30fb90cb"
url = "https://github.com/jdx/hk/releases/download/v1.46.0/hk-x86_64-unknown-linux-gnu.tar.gz"

[tools.hk."platforms.linux-x64-musl"]
checksum = "sha256:4ff45e1bfc9672b1b00572b4a50fac3b57e4add622ed56e9e2587745299932eb"
url = "https://github.com/jdx/hk/releases/download/v1.46.0/hk-x86_64-unknown-linux-musl.tar.gz"

[tools.hk."platforms.macos-arm64"]
checksum = "sha256:9db3fac25754cfb929dc3f92b294fffdb966d4e838b8e0adeaf5b9b7eccc4f6c"
url = "https://github.com/jdx/hk/releases/download/v1.46.0/hk-aarch64-apple-darwin.tar.gz"

[tools.hk."platforms.windows-x64"]
checksum = "sha256:5af7e769acb7f70d8630ed53ae1fb2cc4b205117f29df5d83619fa0ff72a3bf1"
url = "https://github.com/jdx/hk/releases/download/v1.46.0/hk-x86_64-pc-windows-msvc.zip"

[[tools.pkl]]
version = "0.31.1"
backend = "aqua:apple/pkl"

[tools.pkl."platforms.linux-arm64"]
checksum = "sha256:7ef10e743daa921fb94ae7bdb9ec6986f362bf250c55814b9ea2aeb13f2d083e"
url = "https://github.com/apple/pkl/releases/download/0.31.1/pkl-linux-aarch64"

[tools.pkl."platforms.linux-arm64-musl"]
checksum = "sha256:7ef10e743daa921fb94ae7bdb9ec6986f362bf250c55814b9ea2aeb13f2d083e"
url = "https://github.com/apple/pkl/releases/download/0.31.1/pkl-linux-aarch64"

[tools.pkl."platforms.linux-x64"]
checksum = "sha256:618f13955d755cafbfe8c9cba1d27635848cd49dbc6abffd398d2751db1231bf"
url = "https://github.com/apple/pkl/releases/download/0.31.1/pkl-linux-amd64"

[tools.pkl."platforms.linux-x64-musl"]
checksum = "sha256:618f13955d755cafbfe8c9cba1d27635848cd49dbc6abffd398d2751db1231bf"
url = "https://github.com/apple/pkl/releases/download/0.31.1/pkl-linux-amd64"

[tools.pkl."platforms.macos-arm64"]
checksum = "sha256:1b6a5438d9624cd2798a7530721bbbfa27ef72efe5c878a1b6c546c6e7ca0e8f"
url = "https://github.com/apple/pkl/releases/download/0.31.1/pkl-macos-aarch64"

[tools.pkl."platforms.macos-x64"]
checksum = "sha256:22123ed4ae4c03afa8c54c69f77f0bec39b0fa0f67b09d6d148e0a376a2a471d"
url = "https://github.com/apple/pkl/releases/download/0.31.1/pkl-macos-amd64"

[tools.pkl."platforms.windows-x64"]
checksum = "sha256:a8834481667325b44c539dbb758d7365a16389070f343c04b639bbe525ede013"
url = "https://github.com/apple/pkl/releases/download/0.31.1/pkl-windows-amd64.exe"

[[tools.shellcheck]]
version = "0.11.0"
backend = "aqua:koalaman/shellcheck"

[tools.shellcheck."platforms.linux-arm64"]
checksum = "sha256:12b331c1d2db6b9eb13cfca64306b1b157a86eb69db83023e261eaa7e7c14588"
url = "https://github.com/koalaman/shellcheck/releases/download/v0.11.0/shellcheck-v0.11.0.linux.aarch64.tar.xz"

[tools.shellcheck."platforms.linux-arm64-musl"]
checksum = "sha256:12b331c1d2db6b9eb13cfca64306b1b157a86eb69db83023e261eaa7e7c14588"
url = "https://github.com/koalaman/shellcheck/releases/download/v0.11.0/shellcheck-v0.11.0.linux.aarch64.tar.xz"

[tools.shellcheck."platforms.linux-x64"]
checksum = "sha256:8c3be12b05d5c177a04c29e3c78ce89ac86f1595681cab149b65b97c4e227198"
url = "https://github.com/koalaman/shellcheck/releases/download/v0.11.0/shellcheck-v0.11.0.linux.x86_64.tar.xz"

[tools.shellcheck."platforms.linux-x64-musl"]
checksum = "sha256:8c3be12b05d5c177a04c29e3c78ce89ac86f1595681cab149b65b97c4e227198"
url = "https://github.com/koalaman/shellcheck/releases/download/v0.11.0/shellcheck-v0.11.0.linux.x86_64.tar.xz"

[tools.shellcheck."platforms.macos-arm64"]
checksum = "sha256:56affdd8de5527894dca6dc3d7e0a99a873b0f004d7aabc30ae407d3f48b0a79"
url = "https://github.com/koalaman/shellcheck/releases/download/v0.11.0/shellcheck-v0.11.0.darwin.aarch64.tar.xz"

[tools.shellcheck."platforms.macos-x64"]
checksum = "sha256:3c89db4edcab7cf1c27bff178882e0f6f27f7afdf54e859fa041fca10febe4c6"
url = "https://github.com/koalaman/shellcheck/releases/download/v0.11.0/shellcheck-v0.11.0.darwin.x86_64.tar.xz"

[tools.shellcheck."platforms.windows-x64"]
checksum = "sha256:8a4e35ab0b331c85d73567b12f2a444df187f483e5079ceffa6bda1faa2e740e"
url = "https://github.com/koalaman/shellcheck/releases/download/v0.11.0/shellcheck-v0.11.0.zip"
